
Microsoft Visual Studio Solution File, Format Version 12.00
# Visual Studio 2013
VisualStudioVersion = 12.0.31101.0
MinimumVisualStudioVersion = 10.0.40219.1
Project("{FAE04EC0-301F-11D3-BF4B-00C04F79EFBC}") = "Zer.Data", "Zer.Data\Zer.Data.csproj", "{442CF3FC-3C02-424D-8726-41BAC8AF255D}"
EndProject
Project("{FAE04EC0-301F-11D3-BF4B-00C04F79EFBC}") = "Zer.Entities", "Zer.Entities\Zer.Entities.csproj", "{CCBD3F93-64C6-40EB-A213-1F762F04796E}"
EndProject
Project("{FAE04EC0-301F-11D3-BF4B-00C04F79EFBC}") = "Zer.Framework", "Zer.Framework\Zer.Framework.csproj", "{43706F4B-C6AF-44E1-9DA0-9EDD48C6ADC3}"
EndProject
Project("{FAE04EC0-301F-11D3-BF4B-00C04F79EFBC}") = "Zer.Framework.Ioc", "Zer.Framework.Ioc\Zer.Framework.Ioc.csproj", "{9C3474F2-8429-4DD0-AFE7-9EE60952A5D4}"
EndProject
Project("{FAE04EC0-301F-11D3-BF4B-00C04F79EFBC}") = "Zer.Services", "Zer.Services\Zer.Services.csproj", "{3C1757DB-0824-48C1-A35C-8A2CFAD9EB44}"
EndProject
Project("{2150E333-8FDC-42A3-9474-1A3956D46DE8}") = "Data", "Data", "{6BD0DF95-68F1-47B5-B265-6D56930B3C4E}"
EndProject
Project("{2150E333-8FDC-42A3-9474-1A3956D46DE8}") = "Core", "Core", "{12F80F9A-0ED1-4695-919E-34AF88CB9237}"
EndProject
Project("{FAE04EC0-301F-11D3-BF4B-00C04F79EFBC}") = "Zer.Framework.Logs", "Zer.Framework.Logs\Zer.Framework.Logs.csproj", "{875FC68E-339B-41F5-AE9C-CBE034918D8D}"
EndProject
Project("{2150E333-8FDC-42A3-9474-1A3956D46DE8}") = "App", "App", "{D8C615ED-B1C8-4775-9942-3040B924F757}"
EndProject
Project("{2150E333-8FDC-42A3-9474-1A3956D46DE8}") = "Tests", "Tests", "{F6348613-77A6-4D79-890F-E8654B1B6228}"
EndProject
Project("{FAE04EC0-301F-11D3-BF4B-00C04F79EFBC}") = "com.gyt.ms", "com.gyt.ms\com.gyt.ms.csproj", "{5B74A32D-DA18-45C1-91E6-D70CF3E14AF4}"
EndProject
Project("{FAE04EC0-301F-11D3-BF4B-00C04F79EFBC}") = "com.gyt.ms.Tests", "com.gyt.ms.Tests\com.gyt.ms.Tests.csproj", "{98FC1C7C-4D10-4AB6-B04A-E07174B29A79}"
EndProject
Project("{2150E333-8FDC-42A3-9474-1A3956D46DE8}") = ".nuget", ".nuget", "{BDE513F2-0EDF-4F9C-A740-63572F4A1CE6}"
	ProjectSection(SolutionItems) = preProject
		.nuget\packages.config = .nuget\packages.config
	EndProjectSection
EndProject
Project("{FAE04EC0-301F-11D3-BF4B-00C04F79EFBC}") = "Zer.NUnit", "Zer.NUnit\Zer.NUnit.csproj", "{8FBC4074-6297-40CA-B96C-AD025C488B08}"
EndProject
Project("{FAE04EC0-301F-11D3-BF4B-00C04F79EFBC}") = "Zer.Framework.UnitTest.Tests", "Zer.FrameWork.UnitTest.Tests\Zer.Framework.UnitTest.Tests.csproj", "{8AD01D39-4E62-4407-8E8D-C795C4A67E82}"
EndProject
Project("{FAE04EC0-301F-11D3-BF4B-00C04F79EFBC}") = "Zer.Framework.EntityFramework", "Zer.Framework.EntityFramework\Zer.Framework.EntityFramework.csproj", "{40616615-103E-4A83-A1D0-07834A509D3C}"
EndProject
Project("{FAE04EC0-301F-11D3-BF4B-00C04F79EFBC}") = "Zer.GytDataService", "Zer.GytDataService\Zer.GytDataService.csproj", "{D828ABAF-EF29-4635-967E-C80291B3C4B3}"
EndProject
Global
	GlobalSection(SolutionConfigurationPlatforms) = preSolution
		Debug|Any CPU = Debug|Any CPU
		Release|Any CPU = Release|Any CPU
	EndGlobalSection
	GlobalSection(ProjectConfigurationPlatforms) = postSolution
		{442CF3FC-3C02-424D-8726-41BAC8AF255D}.Debug|Any CPU.ActiveCfg = Debug|Any CPU
		{442CF3FC-3C02-424D-8726-41BAC8AF255D}.Debug|Any CPU.Build.0 = Debug|Any CPU
		{442CF3FC-3C02-424D-8726-41BAC8AF255D}.Release|Any CPU.ActiveCfg = Release|Any CPU
		{442CF3FC-3C02-424D-8726-41BAC8AF255D}.Release|Any CPU.Build.0 = Release|Any CPU
		{CCBD3F93-64C6-40EB-A213-1F762F04796E}.Debug|Any CPU.ActiveCfg = Debug|Any CPU
		{CCBD3F93-64C6-40EB-A213-1F762F04796E}.Debug|Any CPU.Build.0 = Debug|Any CPU
		{CCBD3F93-64C6-40EB-A213-1F762F04796E}.Release|Any CPU.ActiveCfg = Release|Any CPU
		{CCBD3F93-64C6-40EB-A213-1F762F04796E}.Release|Any CPU.Build.0 = Release|Any CPU
		{43706F4B-C6AF-44E1-9DA0-9EDD48C6ADC3}.Debug|Any CPU.ActiveCfg = Debug|Any CPU
		{43706F4B-C6AF-44E1-9DA0-9EDD48C6ADC3}.Debug|Any CPU.Build.0 = Debug|Any CPU
		{43706F4B-C6AF-44E1-9DA0-9EDD48C6ADC3}.Release|Any CPU.ActiveCfg = Release|Any CPU
		{43706F4B-C6AF-44E1-9DA0-9EDD48C6ADC3}.Release|Any CPU.Build.0 = Release|Any CPU
		{9C3474F2-8429-4DD0-AFE7-9EE60952A5D4}.Debug|Any CPU.ActiveCfg = Debug|Any CPU
		{9C3474F2-8429-4DD0-AFE7-9EE60952A5D4}.Debug|Any CPU.Build.0 = Debug|Any CPU
		{9C3474F2-8429-4DD0-AFE7-9EE60952A5D4}.Release|Any CPU.ActiveCfg = Release|Any CPU
		{9C3474F2-8429-4DD0-AFE7-9EE60952A5D4}.Release|Any CPU.Build.0 = Release|Any CPU
		{3C1757DB-0824-48C1-A35C-8A2CFAD9EB44}.Debug|Any CPU.ActiveCfg = Debug|Any CPU
		{3C1757DB-0824-48C1-A35C-8A2CFAD9EB44}.Debug|Any CPU.Build.0 = Debug|Any CPU
		{3C1757DB-0824-48C1-A35C-8A2CFAD9EB44}.Release|Any CPU.ActiveCfg = Release|Any CPU
		{3C1757DB-0824-48C1-A35C-8A2CFAD9EB44}.Release|Any CPU.Build.0 = Release|Any CPU
		{875FC68E-339B-41F5-AE9C-CBE034918D8D}.Debug|Any CPU.ActiveCfg = Debug|Any CPU
		{875FC68E-339B-41F5-AE9C-CBE034918D8D}.Debug|Any CPU.Build.0 = Debug|Any CPU
		{875FC68E-339B-41F5-AE9C-CBE034918D8D}.Release|Any CPU.ActiveCfg = Release|Any CPU
		{875FC68E-339B-41F5-AE9C-CBE034918D8D}.Release|Any CPU.Build.0 = Release|Any CPU
		{5B74A32D-DA18-45C1-91E6-D70CF3E14AF4}.Debug|Any CPU.ActiveCfg = Debug|Any CPU
		{5B74A32D-DA18-45C1-91E6-D70CF3E14AF4}.Debug|Any CPU.Build.0 = Debug|Any CPU
		{5B74A32D-DA18-45C1-91E6-D70CF3E14AF4}.Release|Any CPU.ActiveCfg = Release|Any CPU
		{5B74A32D-DA18-45C1-91E6-D70CF3E14AF4}.Release|Any CPU.Build.0 = Release|Any CPU
		{98FC1C7C-4D10-4AB6-B04A-E07174B29A79}.Debug|Any CPU.ActiveCfg = Debug|Any CPU
		{98FC1C7C-4D10-4AB6-B04A-E07174B29A79}.Debug|Any CPU.Build.0 = Debug|Any CPU
		{98FC1C7C-4D10-4AB6-B04A-E07174B29A79}.Release|Any CPU.ActiveCfg = Release|Any CPU
		{98FC1C7C-4D10-4AB6-B04A-E07174B29A79}.Release|Any CPU.Build.0 = Release|Any CPU
		{8FBC4074-6297-40CA-B96C-AD025C488B08}.Debug|Any CPU.ActiveCfg = Debug|Any CPU
		{8FBC4074-6297-40CA-B96C-AD025C488B08}.Debug|Any CPU.Build.0 = Debug|Any CPU
		{8FBC4074-6297-40CA-B96C-AD025C488B08}.Release|Any CPU.ActiveCfg = Release|Any CPU
		{8FBC4074-6297-40CA-B96C-AD025C488B08}.Release|Any CPU.Build.0 = Release|Any CPU
		{8AD01D39-4E62-4407-8E8D-C795C4A67E82}.Debug|Any CPU.ActiveCfg = Debug|Any CPU
		{8AD01D39-4E62-4407-8E8D-C795C4A67E82}.Debug|Any CPU.Build.0 = Debug|Any CPU
		{8AD01D39-4E62-4407-8E8D-C795C4A67E82}.Release|Any CPU.ActiveCfg = Release|Any CPU
		{8AD01D39-4E62-4407-8E8D-C795C4A67E82}.Release|Any CPU.Build.0 = Release|Any CPU
		{40616615-103E-4A83-A1D0-07834A509D3C}.Debug|Any CPU.ActiveCfg = Debug|Any CPU
		{40616615-103E-4A83-A1D0-07834A509D3C}.Debug|Any CPU.Build.0 = Debug|Any CPU
		{40616615-103E-4A83-A1D0-07834A509D3C}.Release|Any CPU.ActiveCfg = Release|Any CPU
		{40616615-103E-4A83-A1D0-07834A509D3C}.Release|Any CPU.Build.0 = Release|Any CPU
		{D828ABAF-EF29-4635-967E-C80291B3C4B3}.Debug|Any CPU.ActiveCfg = Debug|Any CPU
		{D828ABAF-EF29-4635-967E-C80291B3C4B3}.Debug|Any CPU.Build.0 = Debug|Any CPU
		{D828ABAF-EF29-4635-967E-C80291B3C4B3}.Release|Any CPU.ActiveCfg = Release|Any CPU
		{D828ABAF-EF29-4635-967E-C80291B3C4B3}.Release|Any CPU.Build.0 = Release|Any CPU
	EndGlobalSection
	GlobalSection(SolutionProperties) = preSolution
		HideSolutionNode = FALSE
	EndGlobalSection
	GlobalSection(NestedProjects) = preSolution
		{442CF3FC-3C02-424D-8726-41BAC8AF255D} = {6BD0DF95-68F1-47B5-B265-6D56930B3C4E}
		{CCBD3F93-64C6-40EB-A213-1F762F04796E} = {6BD0DF95-68F1-47B5-B265-6D56930B3C4E}
		{43706F4B-C6AF-44E1-9DA0-9EDD48C6ADC3} = {12F80F9A-0ED1-4695-919E-34AF88CB9237}
		{9C3474F2-8429-4DD0-AFE7-9EE60952A5D4} = {12F80F9A-0ED1-4695-919E-34AF88CB9237}
		{3C1757DB-0824-48C1-A35C-8A2CFAD9EB44} = {6BD0DF95-68F1-47B5-B265-6D56930B3C4E}
		{875FC68E-339B-41F5-AE9C-CBE034918D8D} = {12F80F9A-0ED1-4695-919E-34AF88CB9237}
		{5B74A32D-DA18-45C1-91E6-D70CF3E14AF4} = {D8C615ED-B1C8-4775-9942-3040B924F757}
		{98FC1C7C-4D10-4AB6-B04A-E07174B29A79} = {F6348613-77A6-4D79-890F-E8654B1B6228}
		{8FBC4074-6297-40CA-B96C-AD025C488B08} = {12F80F9A-0ED1-4695-919E-34AF88CB9237}
		{8AD01D39-4E62-4407-8E8D-C795C4A67E82} = {F6348613-77A6-4D79-890F-E8654B1B6228}
		{40616615-103E-4A83-A1D0-07834A509D3C} = {12F80F9A-0ED1-4695-919E-34AF88CB9237}
		{D828ABAF-EF29-4635-967E-C80291B3C4B3} = {6BD0DF95-68F1-47B5-B265-6D56930B3C4E}
	EndGlobalSection
EndGlobal
