
Microsoft Visual Studio Solution File, Format Version 12.00
# Visual Studio 2013
VisualStudioVersion = 12.0.40629.0
MinimumVisualStudioVersion = 10.0.40219.1
Project("{FAE04EC0-301F-11D3-BF4B-00C04F79EFBC}") = "Zer.Data", "Zer.Data\Zer.Data.csproj", "{442CF3FC-3C02-424D-8726-41BAC8AF255D}"
EndProject
Project("{FAE04EC0-301F-11D3-BF4B-00C04F79EFBC}") = "Zer.Entities", "Zer.Entities\Zer.Entities.csproj", "{CCBD3F93-64C6-40EB-A213-1F762F04796E}"
EndProject
Project("{FAE04EC0-301F-11D3-BF4B-00C04F79EFBC}") = "Zer.Framework", "Zer.Framework\Zer.Framework.csproj", "{43706F4B-C6AF-44E1-9DA0-9EDD48C6ADC3}"
EndProject
Project("{FAE04EC0-301F-11D3-BF4B-00C04F79EFBC}") = "Zer.Framework.Ioc", "Zer.Framework.Ioc\Zer.Framework.Ioc.csproj", "{9C3474F2-8429-4DD0-AFE7-9EE60952A5D4}"
EndProject
Project("{FAE04EC0-301F-11D3-BF4B-00C04F79EFBC}") = "Zer.Services", "Zer.Services\Zer.Services.csproj", "{3C1757DB-0824-48C1-A35C-8A2CFAD9EB44}"
EndProject
Project("{2150E333-8FDC-42A3-9474-1A3956D46DE8}") = "Data", "Data", "{6BD0DF95-68F1-47B5-B265-6D56930B3C4E}"
EndProject
Project("{2150E333-8FDC-42A3-9474-1A3956D46DE8}") = "Core", "Core", "{12F80F9A-0ED1-4695-919E-34AF88CB9237}"
EndProject
Project("{FAE04EC0-301F-11D3-BF4B-00C04F79EFBC}") = "Zer.Framework.Logs", "Zer.Framework.Logs\Zer.Framework.Logs.csproj", "{875FC68E-339B-41F5-AE9C-CBE034918D8D}"
EndProject
Project("{2150E333-8FDC-42A3-9474-1A3956D46DE8}") = "App", "App", "{D8C615ED-B1C8-4775-9942-3040B924F757}"
EndProject
Project("{FAE04EC0-301F-11D3-BF4B-00C04F79EFBC}") = "ERP", "ERP\ERP.csproj", "{313FE2E3-F9DA-4C17-B08B-229F78E96B4D}"
EndProject
Global
	GlobalSection(SolutionConfigurationPlatforms) = preSolution
		Debug|Any CPU = Debug|Any CPU
		Release|Any CPU = Release|Any CPU
	EndGlobalSection
	GlobalSection(ProjectConfigurationPlatforms) = postSolution
		{442CF3FC-3C02-424D-8726-41BAC8AF255D}.Debug|Any CPU.ActiveCfg = Debug|Any CPU
		{442CF3FC-3C02-424D-8726-41BAC8AF255D}.Debug|Any CPU.Build.0 = Debug|Any CPU
		{442CF3FC-3C02-424D-8726-41BAC8AF255D}.Release|Any CPU.ActiveCfg = Release|Any CPU
		{442CF3FC-3C02-424D-8726-41BAC8AF255D}.Release|Any CPU.Build.0 = Release|Any CPU
		{CCBD3F93-64C6-40EB-A213-1F762F04796E}.Debug|Any CPU.ActiveCfg = Debug|Any CPU
		{CCBD3F93-64C6-40EB-A213-1F762F04796E}.Debug|Any CPU.Build.0 = Debug|Any CPU
		{CCBD3F93-64C6-40EB-A213-1F762F04796E}.Release|Any CPU.ActiveCfg = Release|Any CPU
		{CCBD3F93-64C6-40EB-A213-1F762F04796E}.Release|Any CPU.Build.0 = Release|Any CPU
		{43706F4B-C6AF-44E1-9DA0-9EDD48C6ADC3}.Debug|Any CPU.ActiveCfg = Debug|Any CPU
		{43706F4B-C6AF-44E1-9DA0-9EDD48C6ADC3}.Debug|Any CPU.Build.0 = Debug|Any CPU
		{43706F4B-C6AF-44E1-9DA0-9EDD48C6ADC3}.Release|Any CPU.ActiveCfg = Release|Any CPU
		{43706F4B-C6AF-44E1-9DA0-9EDD48C6ADC3}.Release|Any CPU.Build.0 = Release|Any CPU
		{9C3474F2-8429-4DD0-AFE7-9EE60952A5D4}.Debug|Any CPU.ActiveCfg = Debug|Any CPU
		{9C3474F2-8429-4DD0-AFE7-9EE60952A5D4}.Debug|Any CPU.Build.0 = Debug|Any CPU
		{9C3474F2-8429-4DD0-AFE7-9EE60952A5D4}.Release|Any CPU.ActiveCfg = Release|Any CPU
		{9C3474F2-8429-4DD0-AFE7-9EE60952A5D4}.Release|Any CPU.Build.0 = Release|Any CPU
		{3C1757DB-0824-48C1-A35C-8A2CFAD9EB44}.Debug|Any CPU.ActiveCfg = Debug|Any CPU
		{3C1757DB-0824-48C1-A35C-8A2CFAD9EB44}.Debug|Any CPU.Build.0 = Debug|Any CPU
		{3C1757DB-0824-48C1-A35C-8A2CFAD9EB44}.Release|Any CPU.ActiveCfg = Release|Any CPU
		{3C1757DB-0824-48C1-A35C-8A2CFAD9EB44}.Release|Any CPU.Build.0 = Release|Any CPU
		{875FC68E-339B-41F5-AE9C-CBE034918D8D}.Debug|Any CPU.ActiveCfg = Debug|Any CPU
		{875FC68E-339B-41F5-AE9C-CBE034918D8D}.Debug|Any CPU.Build.0 = Debug|Any CPU
		{875FC68E-339B-41F5-AE9C-CBE034918D8D}.Release|Any CPU.ActiveCfg = Release|Any CPU
		{875FC68E-339B-41F5-AE9C-CBE034918D8D}.Release|Any CPU.Build.0 = Release|Any CPU
		{313FE2E3-F9DA-4C17-B08B-229F78E96B4D}.Debug|Any CPU.ActiveCfg = Debug|Any CPU
		{313FE2E3-F9DA-4C17-B08B-229F78E96B4D}.Debug|Any CPU.Build.0 = Debug|Any CPU
		{313FE2E3-F9DA-4C17-B08B-229F78E96B4D}.Release|Any CPU.ActiveCfg = Release|Any CPU
		{313FE2E3-F9DA-4C17-B08B-229F78E96B4D}.Release|Any CPU.Build.0 = Release|Any CPU
	EndGlobalSection
	GlobalSection(SolutionProperties) = preSolution
		HideSolutionNode = FALSE
	EndGlobalSection
	GlobalSection(NestedProjects) = preSolution
		{442CF3FC-3C02-424D-8726-41BAC8AF255D} = {6BD0DF95-68F1-47B5-B265-6D56930B3C4E}
		{CCBD3F93-64C6-40EB-A213-1F762F04796E} = {6BD0DF95-68F1-47B5-B265-6D56930B3C4E}
		{43706F4B-C6AF-44E1-9DA0-9EDD48C6ADC3} = {12F80F9A-0ED1-4695-919E-34AF88CB9237}
		{9C3474F2-8429-4DD0-AFE7-9EE60952A5D4} = {12F80F9A-0ED1-4695-919E-34AF88CB9237}
		{3C1757DB-0824-48C1-A35C-8A2CFAD9EB44} = {6BD0DF95-68F1-47B5-B265-6D56930B3C4E}
		{875FC68E-339B-41F5-AE9C-CBE034918D8D} = {12F80F9A-0ED1-4695-919E-34AF88CB9237}
		{313FE2E3-F9DA-4C17-B08B-229F78E96B4D} = {D8C615ED-B1C8-4775-9942-3040B924F757}
	EndGlobalSection
EndGlobal
